// !$*UTF8*$!
{
	archiveVersion = 1;
	classes = {
	};
	objectVersion = 48;
	objects = {

/* Begin PBXBuildFile section */
		0180746C1FA14763008D03A7 /* AppDelegate.swift in Sources */ = {isa = PBXBuildFile; fileRef = 0180746B1FA14763008D03A7 /* AppDelegate.swift */; };
		018074711FA14763008D03A7 /* Main.storyboard in Resources */ = {isa = PBXBuildFile; fileRef = 0180746F1FA14763008D03A7 /* Main.storyboard */; };
		018074731FA14763008D03A7 /* Assets.xcassets in Resources */ = {isa = PBXBuildFile; fileRef = 018074721FA14763008D03A7 /* Assets.xcassets */; };
		018074761FA14763008D03A7 /* LaunchScreen.storyboard in Resources */ = {isa = PBXBuildFile; fileRef = 018074741FA14763008D03A7 /* LaunchScreen.storyboard */; };
		0180747E1FA14779008D03A7 /* PostTableViewController.swift in Sources */ = {isa = PBXBuildFile; fileRef = 0180747D1FA14779008D03A7 /* PostTableViewController.swift */; };
		018074801FA147A8008D03A7 /* PostController.swift in Sources */ = {isa = PBXBuildFile; fileRef = 0180747F1FA147A8008D03A7 /* PostController.swift */; };
		018074821FA147AF008D03A7 /* Post.swift in Sources */ = {isa = PBXBuildFile; fileRef = 018074811FA147AF008D03A7 /* Post.swift */; };
/* End PBXBuildFile section */

/* Begin PBXFileReference section */
		018074681FA14763008D03A7 /* CodableSwift4-EXAMPLE.app */ = {isa = PBXFileReference; explicitFileType = wrapper.application; includeInIndex = 0; path = "CodableSwift4-EXAMPLE.app"; sourceTree = BUILT_PRODUCTS_DIR; };
		0180746B1FA14763008D03A7 /* AppDelegate.swift */ = {isa = PBXFileReference; lastKnownFileType = sourcecode.swift; path = AppDelegate.swift; sourceTree = "<group>"; };
		018074701FA14763008D03A7 /* Base */ = {isa = PBXFileReference; lastKnownFileType = file.storyboard; name = Base; path = Base.lproj/Main.storyboard; sourceTree = "<group>"; };
		018074721FA14763008D03A7 /* Assets.xcassets */ = {isa = PBXFileReference; lastKnownFileType = folder.assetcatalog; path = Assets.xcassets; sourceTree = "<group>"; };
		018074751FA14763008D03A7 /* Base */ = {isa = PBXFileReference; lastKnownFileType = file.storyboard; name = Base; path = Base.lproj/LaunchScreen.storyboard; sourceTree = "<group>"; };
		018074771FA14763008D03A7 /* Info.plist */ = {isa = PBXFileReference; lastKnownFileType = text.plist.xml; path = Info.plist; sourceTree = "<group>"; };
		0180747D1FA14779008D03A7 /* PostTableViewController.swift */ = {isa = PBXFileReference; lastKnownFileType = sourcecode.swift; path = PostTableViewController.swift; sourceTree = "<group>"; };
		0180747F1FA147A8008D03A7 /* PostController.swift */ = {isa = PBXFileReference; lastKnownFileType = sourcecode.swift; path = PostController.swift; sourceTree = "<group>"; };
		018074811FA147AF008D03A7 /* Post.swift */ = {isa = PBXFileReference; lastKnownFileType = sourcecode.swift; path = Post.swift; sourceTree = "<group>"; };
/* End PBXFileReference section */

/* Begin PBXFrameworksBuildPhase section */
		018074651FA14763008D03A7 /* Frameworks */ = {
			isa = PBXFrameworksBuildPhase;
			buildActionMask = 2147483647;
			files = (
			);
			runOnlyForDeploymentPostprocessing = 0;
		};
/* End PBXFrameworksBuildPhase section */

/* Begin PBXGroup section */
		0180745F1FA14763008D03A7 = {
			isa = PBXGroup;
			children = (
				0180746A1FA14763008D03A7 /* CodableSwift4-EXAMPLE */,
				018074691FA14763008D03A7 /* Products */,
			);
			sourceTree = "<group>";
		};
		018074691FA14763008D03A7 /* Products */ = {
			isa = PBXGroup;
			children = (
				018074681FA14763008D03A7 /* CodableSwift4-EXAMPLE.app */,
			);
			name = Products;
			sourceTree = "<group>";
		};
		0180746A1FA14763008D03A7 /* CodableSwift4-EXAMPLE */ = {
			isa = PBXGroup;
			children = (
				0180747D1FA14779008D03A7 /* PostTableViewController.swift */,
				0180747F1FA147A8008D03A7 /* PostController.swift */,
				018074811FA147AF008D03A7 /* Post.swift */,
				0180746B1FA14763008D03A7 /* AppDelegate.swift */,
				0180746F1FA14763008D03A7 /* Main.storyboard */,
				018074721FA14763008D03A7 /* Assets.xcassets */,
				018074741FA14763008D03A7 /* LaunchScreen.storyboard */,
				018074771FA14763008D03A7 /* Info.plist */,
			);
			path = "CodableSwift4-EXAMPLE";
			sourceTree = "<group>";
		};
/* End PBXGroup section */

/* Begin PBXNativeTarget section */
		018074671FA14763008D03A7 /* CodableSwift4-EXAMPLE */ = {
			isa = PBXNativeTarget;
			buildConfigurationList = 0180747A1FA14763008D03A7 /* Build configuration list for PBXNativeTarget "CodableSwift4-EXAMPLE" */;
			buildPhases = (
				018074641FA14763008D03A7 /* Sources */,
				018074651FA14763008D03A7 /* Frameworks */,
				018074661FA14763008D03A7 /* Resources */,
			);
			buildRules = (
			);
			dependencies = (
			);
			name = "CodableSwift4-EXAMPLE";
			productName = "CodableSwift4-EXAMPLE";
			productReference = 018074681FA14763008D03A7 /* CodableSwift4-EXAMPLE.app */;
			productType = "com.apple.product-type.application";
		};
/* End PBXNativeTarget section */

/* Begin PBXProject section */
		018074601FA14763008D03A7 /* Project object */ = {
			isa = PBXProject;
			attributes = {
				LastSwiftUpdateCheck = 0900;
				LastUpgradeCheck = 0900;
				ORGANIZATIONNAME = "Mott Applications";
				TargetAttributes = {
					018074671FA14763008D03A7 = {
						CreatedOnToolsVersion = 9.0;
						ProvisioningStyle = Automatic;
					};
				};
			};
			buildConfigurationList = 018074631FA14763008D03A7 /* Build configuration list for PBXProject "CodableSwift4-EXAMPLE" */;
			compatibilityVersion = "Xcode 8.0";
			developmentRegion = en;
			hasScannedForEncodings = 0;
			knownRegions = (
				en,
				Base,
			);
			mainGroup = 0180745F1FA14763008D03A7;
			productRefGroup = 018074691FA14763008D03A7 /* Products */;
			projectDirPath = "";
			projectRoot = "";
			targets = (
				018074671FA14763008D03A7 /* CodableSwift4-EXAMPLE */,
			);
		};
/* End PBXProject section */

/* Begin PBXResourcesBuildPhase section */
		018074661FA14763008D03A7 /* Resources */ = {
			isa = PBXResourcesBuildPhase;
			buildActionMask = 2147483647;
			files = (
				018074761FA14763008D03A7 /* LaunchScreen.storyboard in Resources */,
				018074731FA14763008D03A7 /* Assets.xcassets in Resources */,
				018074711FA14763008D03A7 /* Main.storyboard in Resources */,
			);
			runOnlyForDeploymentPostprocessing = 0;
		};
/* End PBXResourcesBuildPhase section */

/* Begin PBXSourcesBuildPhase section */
		018074641FA14763008D03A7 /* Sources */ = {
			isa = PBXSourcesBuildPhase;
			buildActionMask = 2147483647;
			files = (
				018074801FA147A8008D03A7 /* PostController.swift in Sources */,
				0180747E1FA14779008D03A7 /* PostTableViewController.swift in Sources */,
				0180746C1FA14763008D03A7 /* AppDelegate.swift in Sources */,
				018074821FA147AF008D03A7 /* Post.swift in Sources */,
			);
			runOnlyForDeploymentPostprocessing = 0;
		};
/* End PBXSourcesBuildPhase section */

/* Begin PBXVariantGroup section */
		0180746F1FA14763008D03A7 /* Main.storyboard */ = {
			isa = PBXVariantGroup;
			children = (
				018074701FA14763008D03A7 /* Base */,
			);
			name = Main.storyboard;
			sourceTree = "<group>";
		};
		018074741FA14763008D03A7 /* LaunchScreen.storyboard */ = {
			isa = PBXVariantGroup;
			children = (
				018074751FA14763008D03A7 /* Base */,
			);
			name = LaunchScreen.storyboard;
			sourceTree = "<group>";
		};
/* End PBXVariantGroup section */

/* Begin XCBuildConfiguration section */
		018074781FA14763008D03A7 /* Debug */ = {
			isa = XCBuildConfiguration;
			buildSettings = {
				ALWAYS_SEARCH_USER_PATHS = NO;
				CLANG_ANALYZER_NONNULL = YES;
				CLANG_ANALYZER_NUMBER_OBJECT_CONVERSION = YES_AGGRESSIVE;
				CLANG_CXX_LANGUAGE_STANDARD = "gnu++14";
				CLANG_CXX_LIBRARY = "libc++";
				CLANG_ENABLE_MODULES = YES;
				CLANG_ENABLE_OBJC_ARC = YES;
				CLANG_WARN_BLOCK_CAPTURE_AUTORELEASING = YES;
				CLANG_WARN_BOOL_CONVERSION = YES;
				CLANG_WARN_COMMA = YES;
				CLANG_WARN_CONSTANT_CONVERSION = YES;
				CLANG_WARN_DIRECT_OBJC_ISA_USAGE = YES_ERROR;
				CLANG_WARN_DOCUMENTATION_COMMENTS = YES;
				CLANG_WARN_EMPTY_BODY = YES;
				CLANG_WARN_ENUM_CONVERSION = YES;
				CLANG_WARN_INFINITE_RECURSION = YES;
				CLANG_WARN_INT_CONVERSION = YES;
				CLANG_WARN_NON_LITERAL_NULL_CONVERSION = YES;
				CLANG_WARN_OBJC_LITERAL_CONVERSION = YES;
				CLANG_WARN_OBJC_ROOT_CLASS = YES_ERROR;
				CLANG_WARN_RANGE_LOOP_ANALYSIS = YES;
				CLANG_WARN_STRICT_PROTOTYPES = YES;
				CLANG_WARN_SUSPICIOUS_MOVE = YES;
				CLANG_WARN_UNGUARDED_AVAILABILITY = YES_AGGRESSIVE;
				CLANG_WARN_UNREACHABLE_CODE = YES;
				CLANG_WARN__DUPLICATE_METHOD_MATCH = YES;
				CODE_SIGN_IDENTITY = "iPhone Developer";
				COPY_PHASE_STRIP = NO;
				DEBUG_INFORMATION_FORMAT = dwarf;
				ENABLE_STRICT_OBJC_MSGSEND = YES;
				ENABLE_TESTABILITY = YES;
				GCC_C_LANGUAGE_STANDARD = gnu11;
				GCC_DYNAMIC_NO_PIC = NO;
				GCC_NO_COMMON_BLOCKS = YES;
				GCC_OPTIMIZATION_LEVEL = 0;
				GCC_PREPROCESSOR_DEFINITIONS = (
					"DEBUG=1",
					"$(inherited)",
				);
				GCC_WARN_64_TO_32_BIT_CONVERSION = YES;
				GCC_WARN_ABOUT_RETURN_TYPE = YES_ERROR;
				GCC_WARN_UNDECLARED_SELECTOR = YES;
				GCC_WARN_UNINITIALIZED_AUTOS = YES_AGGRESSIVE;
				GCC_WARN_UNUSED_FUNCTION = YES;
				GCC_WARN_UNUSED_VARIABLE = YES;
				IPHONEOS_DEPLOYMENT_TARGET = 11.0;
				MTL_ENABLE_DEBUG_INFO = YES;
				ONLY_ACTIVE_ARCH = YES;
				SDKROOT = iphoneos;
				SWIFT_ACTIVE_COMPILATION_CONDITIONS = DEBUG;
				SWIFT_OPTIMIZATION_LEVEL = "-Onone";
			};
			name = Debug;
		};
		018074791FA14763008D03A7 /* Release */ = {
			isa = XCBuildConfiguration;
			buildSettings = {
				ALWAYS_SEARCH_USER_PATHS = NO;
				CLANG_ANALYZER_NONNULL = YES;
				CLANG_ANALYZER_NUMBER_OBJECT_CONVERSION = YES_AGGRESSIVE;
				CLANG_CXX_LANGUAGE_STANDARD = "gnu++14";
				CLANG_CXX_LIBRARY = "libc++";
				CLANG_ENABLE_MODULES = YES;
				CLANG_ENABLE_OBJC_ARC = YES;
				CLANG_WARN_BLOCK_CAPTURE_AUTORELEASING = YES;
				CLANG_WARN_BOOL_CONVERSION = YES;
				CLANG_WARN_COMMA = YES;
				CLANG_WARN_CONSTANT_CONVERSION = YES;
				CLANG_WARN_DIRECT_OBJC_ISA_USAGE = YES_ERROR;
				CLANG_WARN_DOCUMENTATION_COMMENTS = YES;
				CLANG_WARN_EMPTY_BODY = YES;
				CLANG_WARN_ENUM_CONVERSION = YES;
				CLANG_WARN_INFINITE_RECURSION = YES;
				CLANG_WARN_INT_CONVERSION = YES;
				CLANG_WARN_NON_LITERAL_NULL_CONVERSION = YES;
				CLANG_WARN_OBJC_LITERAL_CONVERSION = YES;
				CLANG_WARN_OBJC_ROOT_CLASS = YES_ERROR;
				CLANG_WARN_RANGE_LOOP_ANALYSIS = YES;
				CLANG_WARN_STRICT_PROTOTYPES = YES;
				CLANG_WARN_SUSPICIOUS_MOVE = YES;
				CLANG_WARN_UNGUARDED_AVAILABILITY = YES_AGGRESSIVE;
				CLANG_WARN_UNREACHABLE_CODE = YES;
				CLANG_WARN__DUPLICATE_METHOD_MATCH = YES;
				CODE_SIGN_IDENTITY = "iPhone Developer";
				COPY_PHASE_STRIP = NO;
				DEBUG_INFORMATION_FORMAT = "dwarf-with-dsym";
				ENABLE_NS_ASSERTIONS = NO;
				ENABLE_STRICT_OBJC_MSGSEND = YES;
				GCC_C_LANGUAGE_STANDARD = gnu11;
				GCC_NO_COMMON_BLOCKS = YES;
				GCC_WARN_64_TO_32_BIT_CONVERSION = YES;
				GCC_WARN_ABOUT_RETURN_TYPE = YES_ERROR;
				GCC_WARN_UNDECLARED_SELECTOR = YES;
				GCC_WARN_UNINITIALIZED_AUTOS = YES_AGGRESSIVE;
				GCC_WARN_UNUSED_FUNCTION = YES;
				GCC_WARN_UNUSED_VARIABLE = YES;
				IPHONEOS_DEPLOYMENT_TARGET = 11.0;
				MTL_ENABLE_DEBUG_INFO = NO;
				SDKROOT = iphoneos;
				SWIFT_OPTIMIZATION_LEVEL = "-Owholemodule";
				VALIDATE_PRODUCT = YES;
			};
			name = Release;
		};
		0180747B1FA14763008D03A7 /* Debug */ = {
			isa = XCBuildConfiguration;
			buildSettings = {
				ASSETCATALOG_COMPILER_APPICON_NAME = AppIcon;
				CODE_SIGN_STYLE = Automatic;
				INFOPLIST_FILE = "CodableSwift4-EXAMPLE/Info.plist";
				LD_RUNPATH_SEARCH_PATHS = "$(inherited) @executable_path/Frameworks";
				PRODUCT_BUNDLE_IDENTIFIER = "com.mottapplications.CodableSwift4-EXAMPLE";
				PRODUCT_NAME = "$(TARGET_NAME)";
				SWIFT_VERSION = 4.0;
				TARGETED_DEVICE_FAMILY = "1,2";
			};
			name = Debug;
		};
		0180747C1FA14763008D03A7 /* Release */ = {
			isa = XCBuildConfiguration;
			buildSettings = {
				ASSETCATALOG_COMPILER_APPICON_NAME = AppIcon;
				CODE_SIGN_STYLE = Automatic;
				INFOPLIST_FILE = "CodableSwift4-EXAMPLE/Info.plist";
				LD_RUNPATH_SEARCH_PATHS = "$(inherited) @executable_path/Frameworks";
				PRODUCT_BUNDLE_IDENTIFIER = "com.mottapplications.CodableSwift4-EXAMPLE";
				PRODUCT_NAME = "$(TARGET_NAME)";
				SWIFT_VERSION = 4.0;
				TARGETED_DEVICE_FAMILY = "1,2";
			};
			name = Release;
		};
/* End XCBuildConfiguration section */

/* Begin XCConfigurationList section */
		018074631FA14763008D03A7 /* Build configuration list for PBXProject "CodableSwift4-EXAMPLE" */ = {
			isa = XCConfigurationList;
			buildConfigurations = (
				018074781FA14763008D03A7 /* Debug */,
				018074791FA14763008D03A7 /* Release */,
			);
			defaultConfigurationIsVisible = 0;
			defaultConfigurationName = Release;
		};
		0180747A1FA14763008D03A7 /* Build configuration list for PBXNativeTarget "CodableSwift4-EXAMPLE" */ = {
			isa = XCConfigurationList;
			buildConfigurations = (
				0180747B1FA14763008D03A7 /* Debug */,
				0180747C1FA14763008D03A7 /* Release */,
			);
			defaultConfigurationIsVisible = 0;
			defaultConfigurationName = Release;
		};
/* End XCConfigurationList section */
	};
	rootObject = 018074601FA14763008D03A7 /* Project object */;
}
